// !$*UTF8*$!
{
	archiveVersion = 1;
	classes = {
	};
	objectVersion = 50;
	objects = {

/* Begin PBXBuildFile section */
		5A366767237DEAFC00C494D9 /* HistoryView.swift in Sources */ = {isa = PBXBuildFile; fileRef = 5A366766237DEAFC00C494D9 /* HistoryView.swift */; };
		5A366769237DEBF600C494D9 /* AccountView.swift in Sources */ = {isa = PBXBuildFile; fileRef = 5A366768237DEBF600C494D9 /* AccountView.swift */; };
		5A36676B237DEE1600C494D9 /* HistoryRow.swift in Sources */ = {isa = PBXBuildFile; fileRef = 5A36676A237DEE1600C494D9 /* HistoryRow.swift */; };
		5A36676D237DEF9900C494D9 /* History.swift in Sources */ = {isa = PBXBuildFile; fileRef = 5A36676C237DEF9900C494D9 /* History.swift */; };
		5A366770237DF09400C494D9 /* historyData.json in Resources */ = {isa = PBXBuildFile; fileRef = 5A36676F237DF09400C494D9 /* historyData.json */; };
		5A366772237DF8EF00C494D9 /* HistoryDetail.swift in Sources */ = {isa = PBXBuildFile; fileRef = 5A366771237DF8EF00C494D9 /* HistoryDetail.swift */; };
		5A366774237DFBFF00C494D9 /* CircleImage.swift in Sources */ = {isa = PBXBuildFile; fileRef = 5A366773237DFBFF00C494D9 /* CircleImage.swift */; };
		5A366776237DFC6D00C494D9 /* HistoryMapView.swift in Sources */ = {isa = PBXBuildFile; fileRef = 5A366775237DFC6D00C494D9 /* HistoryMapView.swift */; };
		5A3C7B9A237E111800782098 /* Data.swift in Sources */ = {isa = PBXBuildFile; fileRef = 5A3C7B99237E111800782098 /* Data.swift */; };
		5A3C7BC1237E12D900782098 /* rainbowlake.jpg in Resources */ = {isa = PBXBuildFile; fileRef = 5A3C7BB6237E12D300782098 /* rainbowlake.jpg */; };
		5A3C7BC2237E12D900782098 /* lakemcdonald.jpg in Resources */ = {isa = PBXBuildFile; fileRef = 5A3C7BB7237E12D300782098 /* lakemcdonald.jpg */; };
		5A3C7BC3237E12D900782098 /* silversalmoncreek.jpg in Resources */ = {isa = PBXBuildFile; fileRef = 5A3C7BB8237E12D400782098 /* silversalmoncreek.jpg */; };
		5A3C7BC4237E12D900782098 /* hiddenlake.jpg in Resources */ = {isa = PBXBuildFile; fileRef = 5A3C7BB9237E12D400782098 /* hiddenlake.jpg */; };
		5A3C7BC5237E12D900782098 /* stmarylake.jpg in Resources */ = {isa = PBXBuildFile; fileRef = 5A3C7BBA237E12D400782098 /* stmarylake.jpg */; };
		5A3C7BC6237E12D900782098 /* turtlerock.jpg in Resources */ = {isa = PBXBuildFile; fileRef = 5A3C7BBB237E12D400782098 /* turtlerock.jpg */; };
		5A3C7BC7237E12D900782098 /* twinlake.jpg in Resources */ = {isa = PBXBuildFile; fileRef = 5A3C7BBC237E12D400782098 /* twinlake.jpg */; };
		5A3C7BC8237E12D900782098 /* umbagog.jpg in Resources */ = {isa = PBXBuildFile; fileRef = 5A3C7BBD237E12D400782098 /* umbagog.jpg */; };
		5A3C7BC9237E12D900782098 /* chincoteague.jpg in Resources */ = {isa = PBXBuildFile; fileRef = 5A3C7BBE237E12D500782098 /* chincoteague.jpg */; };
		5A3C7BCA237E12D900782098 /* icybay.jpg in Resources */ = {isa = PBXBuildFile; fileRef = 5A3C7BBF237E12D500782098 /* icybay.jpg */; };
		5A3C7BCB237E12D900782098 /* yukon_charleyrivers.jpg in Resources */ = {isa = PBXBuildFile; fileRef = 5A3C7BC0237E12D500782098 /* yukon_charleyrivers.jpg */; };
		5A3C7BCD237E12DC00782098 /* chilkoottrail.jpg in Resources */ = {isa = PBXBuildFile; fileRef = 5A3C7BCC237E12DB00782098 /* chilkoottrail.jpg */; };
		5A565B77237B15D9008DB7EB /* AppDelegate.swift in Sources */ = {isa = PBXBuildFile; fileRef = 5A565B76237B15D9008DB7EB /* AppDelegate.swift */; };
		5A565B79237B15D9008DB7EB /* SceneDelegate.swift in Sources */ = {isa = PBXBuildFile; fileRef = 5A565B78237B15D9008DB7EB /* SceneDelegate.swift */; };
		5A565B7B237B15D9008DB7EB /* ViewController.swift in Sources */ = {isa = PBXBuildFile; fileRef = 5A565B7A237B15D9008DB7EB /* ViewController.swift */; };
		5A565B80237B15DB008DB7EB /* Assets.xcassets in Resources */ = {isa = PBXBuildFile; fileRef = 5A565B7F237B15DB008DB7EB /* Assets.xcassets */; };
		5A565B83237B15DB008DB7EB /* LaunchScreen.storyboard in Resources */ = {isa = PBXBuildFile; fileRef = 5A565B81237B15DB008DB7EB /* LaunchScreen.storyboard */; };
		5A565B9B237B193C008DB7EB /* Main.storyboard in Resources */ = {isa = PBXBuildFile; fileRef = 5A565B99237B193C008DB7EB /* Main.storyboard */; };
		5A565BA0237C708E008DB7EB /* NavView.swift in Sources */ = {isa = PBXBuildFile; fileRef = 5A565B9F237C708E008DB7EB /* NavView.swift */; };
		5AB4069F237C9B4600091E3A /* MapView.swift in Sources */ = {isa = PBXBuildFile; fileRef = 5AB4069E237C9B4600091E3A /* MapView.swift */; };
		9017FA41E4EBF872BAE6511F /* libPods-DirectMe.a in Frameworks */ = {isa = PBXBuildFile; fileRef = 342B6A73BF7BB1D5C9627502 /* libPods-DirectMe.a */; };
/* End PBXBuildFile section */

/* Begin PBXFileReference section */
		342B6A73BF7BB1D5C9627502 /* libPods-DirectMe.a */ = {isa = PBXFileReference; explicitFileType = archive.ar; includeInIndex = 0; path = "libPods-DirectMe.a"; sourceTree = BUILT_PRODUCTS_DIR; };
		5A366766237DEAFC00C494D9 /* HistoryView.swift */ = {isa = PBXFileReference; lastKnownFileType = sourcecode.swift; path = HistoryView.swift; sourceTree = "<group>"; };
		5A366768237DEBF600C494D9 /* AccountView.swift */ = {isa = PBXFileReference; lastKnownFileType = sourcecode.swift; path = AccountView.swift; sourceTree = "<group>"; };
		5A36676A237DEE1600C494D9 /* HistoryRow.swift */ = {isa = PBXFileReference; lastKnownFileType = sourcecode.swift; path = HistoryRow.swift; sourceTree = "<group>"; };
		5A36676C237DEF9900C494D9 /* History.swift */ = {isa = PBXFileReference; lastKnownFileType = sourcecode.swift; path = History.swift; sourceTree = "<group>"; };
		5A36676F237DF09400C494D9 /* historyData.json */ = {isa = PBXFileReference; lastKnownFileType = text.json; path = historyData.json; sourceTree = "<group>"; };
		5A366771237DF8EF00C494D9 /* HistoryDetail.swift */ = {isa = PBXFileReference; lastKnownFileType = sourcecode.swift; path = HistoryDetail.swift; sourceTree = "<group>"; };
		5A366773237DFBFF00C494D9 /* CircleImage.swift */ = {isa = PBXFileReference; lastKnownFileType = sourcecode.swift; path = CircleImage.swift; sourceTree = "<group>"; };
		5A366775237DFC6D00C494D9 /* HistoryMapView.swift */ = {isa = PBXFileReference; lastKnownFileType = sourcecode.swift; path = HistoryMapView.swift; sourceTree = "<group>"; };
		5A3C7B99237E111800782098 /* Data.swift */ = {isa = PBXFileReference; lastKnownFileType = sourcecode.swift; path = Data.swift; sourceTree = "<group>"; };
		5A3C7BB6237E12D300782098 /* rainbowlake.jpg */ = {isa = PBXFileReference; lastKnownFileType = image.jpeg; path = rainbowlake.jpg; sourceTree = "<group>"; };
		5A3C7BB7237E12D300782098 /* lakemcdonald.jpg */ = {isa = PBXFileReference; lastKnownFileType = image.jpeg; path = lakemcdonald.jpg; sourceTree = "<group>"; };
		5A3C7BB8237E12D400782098 /* silversalmoncreek.jpg */ = {isa = PBXFileReference; lastKnownFileType = image.jpeg; path = silversalmoncreek.jpg; sourceTree = "<group>"; };
		5A3C7BB9237E12D400782098 /* hiddenlake.jpg */ = {isa = PBXFileReference; lastKnownFileType = image.jpeg; path = hiddenlake.jpg; sourceTree = "<group>"; };
		5A3C7BBA237E12D400782098 /* stmarylake.jpg */ = {isa = PBXFileReference; lastKnownFileType = image.jpeg; path = stmarylake.jpg; sourceTree = "<group>"; };
		5A3C7BBB237E12D400782098 /* turtlerock.jpg */ = {isa = PBXFileReference; lastKnownFileType = image.jpeg; path = turtlerock.jpg; sourceTree = "<group>"; };
		5A3C7BBC237E12D400782098 /* twinlake.jpg */ = {isa = PBXFileReference; lastKnownFileType = image.jpeg; path = twinlake.jpg; sourceTree = "<group>"; };
		5A3C7BBD237E12D400782098 /* umbagog.jpg */ = {isa = PBXFileReference; lastKnownFileType = image.jpeg; path = umbagog.jpg; sourceTree = "<group>"; };
		5A3C7BBE237E12D500782098 /* chincoteague.jpg */ = {isa = PBXFileReference; lastKnownFileType = image.jpeg; path = chincoteague.jpg; sourceTree = "<group>"; };
		5A3C7BBF237E12D500782098 /* icybay.jpg */ = {isa = PBXFileReference; lastKnownFileType = image.jpeg; path = icybay.jpg; sourceTree = "<group>"; };
		5A3C7BC0237E12D500782098 /* yukon_charleyrivers.jpg */ = {isa = PBXFileReference; lastKnownFileType = image.jpeg; path = yukon_charleyrivers.jpg; sourceTree = "<group>"; };
		5A3C7BCC237E12DB00782098 /* chilkoottrail.jpg */ = {isa = PBXFileReference; lastKnownFileType = image.jpeg; path = chilkoottrail.jpg; sourceTree = "<group>"; };
		5A565B73237B15D9008DB7EB /* DirectMe.app */ = {isa = PBXFileReference; explicitFileType = wrapper.application; includeInIndex = 0; path = DirectMe.app; sourceTree = BUILT_PRODUCTS_DIR; };
		5A565B76237B15D9008DB7EB /* AppDelegate.swift */ = {isa = PBXFileReference; lastKnownFileType = sourcecode.swift; path = AppDelegate.swift; sourceTree = "<group>"; };
		5A565B78237B15D9008DB7EB /* SceneDelegate.swift */ = {isa = PBXFileReference; lastKnownFileType = sourcecode.swift; path = SceneDelegate.swift; sourceTree = "<group>"; };
		5A565B7A237B15D9008DB7EB /* ViewController.swift */ = {isa = PBXFileReference; lastKnownFileType = sourcecode.swift; path = ViewController.swift; sourceTree = "<group>"; };
		5A565B7F237B15DB008DB7EB /* Assets.xcassets */ = {isa = PBXFileReference; lastKnownFileType = folder.assetcatalog; path = Assets.xcassets; sourceTree = "<group>"; };
		5A565B82237B15DB008DB7EB /* Base */ = {isa = PBXFileReference; lastKnownFileType = file.storyboard; name = Base; path = Base.lproj/LaunchScreen.storyboard; sourceTree = "<group>"; };
		5A565B84237B15DB008DB7EB /* Info.plist */ = {isa = PBXFileReference; lastKnownFileType = text.plist.xml; path = Info.plist; sourceTree = "<group>"; };
		5A565B9A237B193C008DB7EB /* Base */ = {isa = PBXFileReference; lastKnownFileType = file.storyboard; name = Base; path = Base.lproj/Main.storyboard; sourceTree = "<group>"; };
		5A565B9F237C708E008DB7EB /* NavView.swift */ = {isa = PBXFileReference; lastKnownFileType = sourcecode.swift; path = NavView.swift; sourceTree = "<group>"; };
		5AB4069E237C9B4600091E3A /* MapView.swift */ = {isa = PBXFileReference; lastKnownFileType = sourcecode.swift; path = MapView.swift; sourceTree = "<group>"; };
		62F45DCC8590A3F4F811D9F0 /* Pods-DirectMe.release.xcconfig */ = {isa = PBXFileReference; includeInIndex = 1; lastKnownFileType = text.xcconfig; name = "Pods-DirectMe.release.xcconfig"; path = "Target Support Files/Pods-DirectMe/Pods-DirectMe.release.xcconfig"; sourceTree = "<group>"; };
		A0834294D25913BB1F574E09 /* Pods-DirectMe.debug.xcconfig */ = {isa = PBXFileReference; includeInIndex = 1; lastKnownFileType = text.xcconfig; name = "Pods-DirectMe.debug.xcconfig"; path = "Target Support Files/Pods-DirectMe/Pods-DirectMe.debug.xcconfig"; sourceTree = "<group>"; };
/* End PBXFileReference section */

/* Begin PBXFrameworksBuildPhase section */
		5A565B70237B15D9008DB7EB /* Frameworks */ = {
			isa = PBXFrameworksBuildPhase;
			buildActionMask = 2147483647;
			files = (
				9017FA41E4EBF872BAE6511F /* libPods-DirectMe.a in Frameworks */,
			);
			runOnlyForDeploymentPostprocessing = 0;
		};
/* End PBXFrameworksBuildPhase section */

/* Begin PBXGroup section */
		5A36676E237DF05400C494D9 /* Resources */ = {
			isa = PBXGroup;
			children = (
				5A3C7BCC237E12DB00782098 /* chilkoottrail.jpg */,
				5A3C7BBE237E12D500782098 /* chincoteague.jpg */,
				5A3C7BB9237E12D400782098 /* hiddenlake.jpg */,
				5A3C7BBF237E12D500782098 /* icybay.jpg */,
				5A3C7BB7237E12D300782098 /* lakemcdonald.jpg */,
				5A3C7BB6237E12D300782098 /* rainbowlake.jpg */,
				5A3C7BB8237E12D400782098 /* silversalmoncreek.jpg */,
				5A3C7BBA237E12D400782098 /* stmarylake.jpg */,
				5A3C7BBB237E12D400782098 /* turtlerock.jpg */,
				5A3C7BBC237E12D400782098 /* twinlake.jpg */,
				5A3C7BBD237E12D400782098 /* umbagog.jpg */,
				5A3C7BC0237E12D500782098 /* yukon_charleyrivers.jpg */,
				5A36676F237DF09400C494D9 /* historyData.json */,
			);
			path = Resources;
			sourceTree = "<group>";
		};
		5A3C7BCE237E13E900782098 /* History */ = {
			isa = PBXGroup;
			children = (
				5A366773237DFBFF00C494D9 /* CircleImage.swift */,
				5A366766237DEAFC00C494D9 /* HistoryView.swift */,
				5A36676A237DEE1600C494D9 /* HistoryRow.swift */,
				5A366771237DF8EF00C494D9 /* HistoryDetail.swift */,
				5A366775237DFC6D00C494D9 /* HistoryMapView.swift */,
			);
			path = History;
			sourceTree = "<group>";
		};
		5A3C7BCF237F35FC00782098 /* Nav */ = {
			isa = PBXGroup;
			children = (
				5A565B9F237C708E008DB7EB /* NavView.swift */,
				5AB4069E237C9B4600091E3A /* MapView.swift */,
			);
			path = Nav;
			sourceTree = "<group>";
		};
		5A565B6A237B15D9008DB7EB = {
			isa = PBXGroup;
			children = (
				5A565B75237B15D9008DB7EB /* DirectMe */,
				5A565B74237B15D9008DB7EB /* Products */,
				E469F00734C059A2F279CAF6 /* Pods */,
				9157D7059995F9B5546D4537 /* Frameworks */,
			);
			sourceTree = "<group>";
		};
		5A565B74237B15D9008DB7EB /* Products */ = {
			isa = PBXGroup;
			children = (
				5A565B73237B15D9008DB7EB /* DirectMe.app */,
			);
			name = Products;
			sourceTree = "<group>";
		};
		5A565B75237B15D9008DB7EB /* DirectMe */ = {
			isa = PBXGroup;
			children = (
				5A36676E237DF05400C494D9 /* Resources */,
				5A565B90237B17F3008DB7EB /* Models */,
				5A565B8B237B16D4008DB7EB /* Views */,
				5A565B8A237B1676008DB7EB /* Controllers */,
				5A565B7F237B15DB008DB7EB /* Assets.xcassets */,
				5A565B84237B15DB008DB7EB /* Info.plist */,
			);
			path = DirectMe;
			sourceTree = "<group>";
		};
		5A565B8A237B1676008DB7EB /* Controllers */ = {
			isa = PBXGroup;
			children = (
				5A565B76237B15D9008DB7EB /* AppDelegate.swift */,
				5A565B78237B15D9008DB7EB /* SceneDelegate.swift */,
				5A565B7A237B15D9008DB7EB /* ViewController.swift */,
			);
			path = Controllers;
			sourceTree = "<group>";
		};
		5A565B8B237B16D4008DB7EB /* Views */ = {
			isa = PBXGroup;
			children = (
				5A366768237DEBF600C494D9 /* AccountView.swift */,
				5A3C7BCF237F35FC00782098 /* Nav */,
				5A3C7BCE237E13E900782098 /* History */,
				5A565B99237B193C008DB7EB /* Main.storyboard */,
				5A565B81237B15DB008DB7EB /* LaunchScreen.storyboard */,
			);
			path = Views;
			sourceTree = "<group>";
		};
		5A565B90237B17F3008DB7EB /* Models */ = {
			isa = PBXGroup;
			children = (
				5A36676C237DEF9900C494D9 /* History.swift */,
				5A3C7B99237E111800782098 /* Data.swift */,
			);
			path = Models;
			sourceTree = "<group>";
		};
		9157D7059995F9B5546D4537 /* Frameworks */ = {
			isa = PBXGroup;
			children = (
				342B6A73BF7BB1D5C9627502 /* libPods-DirectMe.a */,
			);
			name = Frameworks;
			sourceTree = "<group>";
		};
		E469F00734C059A2F279CAF6 /* Pods */ = {
			isa = PBXGroup;
			children = (
				A0834294D25913BB1F574E09 /* Pods-DirectMe.debug.xcconfig */,
				62F45DCC8590A3F4F811D9F0 /* Pods-DirectMe.release.xcconfig */,
			);
			path = Pods;
			sourceTree = "<group>";
		};
/* End PBXGroup section */

/* Begin PBXNativeTarget section */
		5A565B72237B15D9008DB7EB /* DirectMe */ = {
			isa = PBXNativeTarget;
			buildConfigurationList = 5A565B87237B15DB008DB7EB /* Build configuration list for PBXNativeTarget "DirectMe" */;
			buildPhases = (
				C4750578492D1A124BB88B89 /* [CP] Check Pods Manifest.lock */,
				5A565B6F237B15D9008DB7EB /* Sources */,
				5A565B70237B15D9008DB7EB /* Frameworks */,
				5A565B71237B15D9008DB7EB /* Resources */,
			);
			buildRules = (
			);
			dependencies = (
			);
			name = DirectMe;
			productName = DirectMe;
			productReference = 5A565B73237B15D9008DB7EB /* DirectMe.app */;
			productType = "com.apple.product-type.application";
		};
/* End PBXNativeTarget section */

/* Begin PBXProject section */
		5A565B6B237B15D9008DB7EB /* Project object */ = {
			isa = PBXProject;
			attributes = {
				LastSwiftUpdateCheck = 1100;
				LastUpgradeCheck = 1100;
				ORGANIZATIONNAME = martyn.fitzgerald;
				TargetAttributes = {
					5A565B72237B15D9008DB7EB = {
						CreatedOnToolsVersion = 11.0;
					};
				};
			};
			buildConfigurationList = 5A565B6E237B15D9008DB7EB /* Build configuration list for PBXProject "DirectMe" */;
			compatibilityVersion = "Xcode 9.3";
			developmentRegion = en;
			hasScannedForEncodings = 0;
			knownRegions = (
				en,
				Base,
			);
			mainGroup = 5A565B6A237B15D9008DB7EB;
			productRefGroup = 5A565B74237B15D9008DB7EB /* Products */;
			projectDirPath = "";
			projectRoot = "";
			targets = (
				5A565B72237B15D9008DB7EB /* DirectMe */,
			);
		};
/* End PBXProject section */

/* Begin PBXResourcesBuildPhase section */
		5A565B71237B15D9008DB7EB /* Resources */ = {
			isa = PBXResourcesBuildPhase;
			buildActionMask = 2147483647;
			files = (
				5A3C7BC8237E12D900782098 /* umbagog.jpg in Resources */,
				5A3C7BC5237E12D900782098 /* stmarylake.jpg in Resources */,
				5A3C7BC2237E12D900782098 /* lakemcdonald.jpg in Resources */,
				5A366770237DF09400C494D9 /* historyData.json in Resources */,
				5A3C7BCB237E12D900782098 /* yukon_charleyrivers.jpg in Resources */,
				5A3C7BC1237E12D900782098 /* rainbowlake.jpg in Resources */,
				5A3C7BC9237E12D900782098 /* chincoteague.jpg in Resources */,
				5A3C7BC6237E12D900782098 /* turtlerock.jpg in Resources */,
				5A565B83237B15DB008DB7EB /* LaunchScreen.storyboard in Resources */,
				5A3C7BCD237E12DC00782098 /* chilkoottrail.jpg in Resources */,
				5A3C7BC3237E12D900782098 /* silversalmoncreek.jpg in Resources */,
				5A565B80237B15DB008DB7EB /* Assets.xcassets in Resources */,
				5A3C7BC4237E12D900782098 /* hiddenlake.jpg in Resources */,
				5A565B9B237B193C008DB7EB /* Main.storyboard in Resources */,
				5A3C7BCA237E12D900782098 /* icybay.jpg in Resources */,
				5A3C7BC7237E12D900782098 /* twinlake.jpg in Resources */,
			);
			runOnlyForDeploymentPostprocessing = 0;
		};
/* End PBXResourcesBuildPhase section */

/* Begin PBXShellScriptBuildPhase section */
		C4750578492D1A124BB88B89 /* [CP] Check Pods Manifest.lock */ = {
			isa = PBXShellScriptBuildPhase;
			buildActionMask = 2147483647;
			files = (
			);
			inputFileListPaths = (
			);
			inputPaths = (
				"${PODS_PODFILE_DIR_PATH}/Podfile.lock",
				"${PODS_ROOT}/Manifest.lock",
			);
			name = "[CP] Check Pods Manifest.lock";
			outputFileListPaths = (
			);
			outputPaths = (
				"$(DERIVED_FILE_DIR)/Pods-DirectMe-checkManifestLockResult.txt",
			);
			runOnlyForDeploymentPostprocessing = 0;
			shellPath = /bin/sh;
			shellScript = "diff \"${PODS_PODFILE_DIR_PATH}/Podfile.lock\" \"${PODS_ROOT}/Manifest.lock\" > /dev/null\nif [ $? != 0 ] ; then\n    # print error to STDERR\n    echo \"error: The sandbox is not in sync with the Podfile.lock. Run 'pod install' or update your CocoaPods installation.\" >&2\n    exit 1\nfi\n# This output is used by Xcode 'outputs' to avoid re-running this script phase.\necho \"SUCCESS\" > \"${SCRIPT_OUTPUT_FILE_0}\"\n";
			showEnvVarsInLog = 0;
		};
/* End PBXShellScriptBuildPhase section */

/* Begin PBXSourcesBuildPhase section */
		5A565B6F237B15D9008DB7EB /* Sources */ = {
			isa = PBXSourcesBuildPhase;
			buildActionMask = 2147483647;
			files = (
				5A36676D237DEF9900C494D9 /* History.swift in Sources */,
				5A565B7B237B15D9008DB7EB /* ViewController.swift in Sources */,
				5A366767237DEAFC00C494D9 /* HistoryView.swift in Sources */,
				5A565B77237B15D9008DB7EB /* AppDelegate.swift in Sources */,
				5AB4069F237C9B4600091E3A /* MapView.swift in Sources */,
				5A366769237DEBF600C494D9 /* AccountView.swift in Sources */,
				5A36676B237DEE1600C494D9 /* HistoryRow.swift in Sources */,
				5A565BA0237C708E008DB7EB /* NavView.swift in Sources */,
				5A3C7B9A237E111800782098 /* Data.swift in Sources */,
				5A366774237DFBFF00C494D9 /* CircleImage.swift in Sources */,
				5A565B79237B15D9008DB7EB /* SceneDelegate.swift in Sources */,
				5A366776237DFC6D00C494D9 /* HistoryMapView.swift in Sources */,
				5A366772237DF8EF00C494D9 /* HistoryDetail.swift in Sources */,
			);
			runOnlyForDeploymentPostprocessing = 0;
		};
/* End PBXSourcesBuildPhase section */

/* Begin PBXVariantGroup section */
		5A565B81237B15DB008DB7EB /* LaunchScreen.storyboard */ = {
			isa = PBXVariantGroup;
			children = (
				5A565B82237B15DB008DB7EB /* Base */,
			);
			name = LaunchScreen.storyboard;
			sourceTree = "<group>";
		};
		5A565B99237B193C008DB7EB /* Main.storyboard */ = {
			isa = PBXVariantGroup;
			children = (
				5A565B9A237B193C008DB7EB /* Base */,
			);
			name = Main.storyboard;
			sourceTree = "<group>";
		};
/* End PBXVariantGroup section */

/* Begin XCBuildConfiguration section */
		5A565B85237B15DB008DB7EB /* Debug */ = {
			isa = XCBuildConfiguration;
			buildSettings = {
				ALWAYS_SEARCH_USER_PATHS = NO;
				CLANG_ANALYZER_NONNULL = YES;
				CLANG_ANALYZER_NUMBER_OBJECT_CONVERSION = YES_AGGRESSIVE;
				CLANG_CXX_LANGUAGE_STANDARD = "gnu++14";
				CLANG_CXX_LIBRARY = "libc++";
				CLANG_ENABLE_MODULES = YES;
				CLANG_ENABLE_OBJC_ARC = YES;
				CLANG_ENABLE_OBJC_WEAK = YES;
				CLANG_WARN_BLOCK_CAPTURE_AUTORELEASING = YES;
				CLANG_WARN_BOOL_CONVERSION = YES;
				CLANG_WARN_COMMA = YES;
				CLANG_WARN_CONSTANT_CONVERSION = YES;
				CLANG_WARN_DEPRECATED_OBJC_IMPLEMENTATIONS = YES;
				CLANG_WARN_DIRECT_OBJC_ISA_USAGE = YES_ERROR;
				CLANG_WARN_DOCUMENTATION_COMMENTS = YES;
				CLANG_WARN_EMPTY_BODY = YES;
				CLANG_WARN_ENUM_CONVERSION = YES;
				CLANG_WARN_INFINITE_RECURSION = YES;
				CLANG_WARN_INT_CONVERSION = YES;
				CLANG_WARN_NON_LITERAL_NULL_CONVERSION = YES;
				CLANG_WARN_OBJC_IMPLICIT_RETAIN_SELF = YES;
				CLANG_WARN_OBJC_LITERAL_CONVERSION = YES;
				CLANG_WARN_OBJC_ROOT_CLASS = YES_ERROR;
				CLANG_WARN_RANGE_LOOP_ANALYSIS = YES;
				CLANG_WARN_STRICT_PROTOTYPES = YES;
				CLANG_WARN_SUSPICIOUS_MOVE = YES;
				CLANG_WARN_UNGUARDED_AVAILABILITY = YES_AGGRESSIVE;
				CLANG_WARN_UNREACHABLE_CODE = YES;
				CLANG_WARN__DUPLICATE_METHOD_MATCH = YES;
				COPY_PHASE_STRIP = NO;
				DEBUG_INFORMATION_FORMAT = dwarf;
				ENABLE_STRICT_OBJC_MSGSEND = YES;
				ENABLE_TESTABILITY = YES;
				GCC_C_LANGUAGE_STANDARD = gnu11;
				GCC_DYNAMIC_NO_PIC = NO;
				GCC_NO_COMMON_BLOCKS = YES;
				GCC_OPTIMIZATION_LEVEL = 0;
				GCC_PREPROCESSOR_DEFINITIONS = (
					"DEBUG=1",
					"$(inherited)",
				);
				GCC_WARN_64_TO_32_BIT_CONVERSION = YES;
				GCC_WARN_ABOUT_RETURN_TYPE = YES_ERROR;
				GCC_WARN_UNDECLARED_SELECTOR = YES;
				GCC_WARN_UNINITIALIZED_AUTOS = YES_AGGRESSIVE;
				GCC_WARN_UNUSED_FUNCTION = YES;
				GCC_WARN_UNUSED_VARIABLE = YES;
				IPHONEOS_DEPLOYMENT_TARGET = 13.0;
				MTL_ENABLE_DEBUG_INFO = INCLUDE_SOURCE;
				MTL_FAST_MATH = YES;
				ONLY_ACTIVE_ARCH = YES;
				SDKROOT = iphoneos;
				SWIFT_ACTIVE_COMPILATION_CONDITIONS = DEBUG;
				SWIFT_OPTIMIZATION_LEVEL = "-Onone";
			};
			name = Debug;
		};
		5A565B86237B15DB008DB7EB /* Release */ = {
			isa = XCBuildConfiguration;
			buildSettings = {
				ALWAYS_SEARCH_USER_PATHS = NO;
				CLANG_ANALYZER_NONNULL = YES;
				CLANG_ANALYZER_NUMBER_OBJECT_CONVERSION = YES_AGGRESSIVE;
				CLANG_CXX_LANGUAGE_STANDARD = "gnu++14";
				CLANG_CXX_LIBRARY = "libc++";
				CLANG_ENABLE_MODULES = YES;
				CLANG_ENABLE_OBJC_ARC = YES;
				CLANG_ENABLE_OBJC_WEAK = YES;
				CLANG_WARN_BLOCK_CAPTURE_AUTORELEASING = YES;
				CLANG_WARN_BOOL_CONVERSION = YES;
				CLANG_WARN_COMMA = YES;
				CLANG_WARN_CONSTANT_CONVERSION = YES;
				CLANG_WARN_DEPRECATED_OBJC_IMPLEMENTATIONS = YES;
				CLANG_WARN_DIRECT_OBJC_ISA_USAGE = YES_ERROR;
				CLANG_WARN_DOCUMENTATION_COMMENTS = YES;
				CLANG_WARN_EMPTY_BODY = YES;
				CLANG_WARN_ENUM_CONVERSION = YES;
				CLANG_WARN_INFINITE_RECURSION = YES;
				CLANG_WARN_INT_CONVERSION = YES;
				CLANG_WARN_NON_LITERAL_NULL_CONVERSION = YES;
				CLANG_WARN_OBJC_IMPLICIT_RETAIN_SELF = YES;
				CLANG_WARN_OBJC_LITERAL_CONVERSION = YES;
				CLANG_WARN_OBJC_ROOT_CLASS = YES_ERROR;
				CLANG_WARN_RANGE_LOOP_ANALYSIS = YES;
				CLANG_WARN_STRICT_PROTOTYPES = YES;
				CLANG_WARN_SUSPICIOUS_MOVE = YES;
				CLANG_WARN_UNGUARDED_AVAILABILITY = YES_AGGRESSIVE;
				CLANG_WARN_UNREACHABLE_CODE = YES;
				CLANG_WARN__DUPLICATE_METHOD_MATCH = YES;
				COPY_PHASE_STRIP = NO;
				DEBUG_INFORMATION_FORMAT = "dwarf-with-dsym";
				ENABLE_NS_ASSERTIONS = NO;
				ENABLE_STRICT_OBJC_MSGSEND = YES;
				GCC_C_LANGUAGE_STANDARD = gnu11;
				GCC_NO_COMMON_BLOCKS = YES;
				GCC_WARN_64_TO_32_BIT_CONVERSION = YES;
				GCC_WARN_ABOUT_RETURN_TYPE = YES_ERROR;
				GCC_WARN_UNDECLARED_SELECTOR = YES;
				GCC_WARN_UNINITIALIZED_AUTOS = YES_AGGRESSIVE;
				GCC_WARN_UNUSED_FUNCTION = YES;
				GCC_WARN_UNUSED_VARIABLE = YES;
				IPHONEOS_DEPLOYMENT_TARGET = 13.0;
				MTL_ENABLE_DEBUG_INFO = NO;
				MTL_FAST_MATH = YES;
				SDKROOT = iphoneos;
				SWIFT_COMPILATION_MODE = wholemodule;
				SWIFT_OPTIMIZATION_LEVEL = "-O";
				VALIDATE_PRODUCT = YES;
			};
			name = Release;
		};
		5A565B88237B15DB008DB7EB /* Debug */ = {
			isa = XCBuildConfiguration;
			baseConfigurationReference = A0834294D25913BB1F574E09 /* Pods-DirectMe.debug.xcconfig */;
			buildSettings = {
				ASSETCATALOG_COMPILER_APPICON_NAME = AppIcon;
				CODE_SIGN_STYLE = Automatic;
				INFOPLIST_FILE = DirectMe/Info.plist;
				LD_RUNPATH_SEARCH_PATHS = (
					"$(inherited)",
					"@executable_path/Frameworks",
				);
				PRODUCT_BUNDLE_IDENTIFIER = com.martyn.fitzgerald.DirectMe;
				PRODUCT_NAME = "$(TARGET_NAME)";
				SWIFT_VERSION = 5.0;
				TARGETED_DEVICE_FAMILY = 1;
			};
			name = Debug;
		};
		5A565B89237B15DB008DB7EB /* Release */ = {
			isa = XCBuildConfiguration;
			baseConfigurationReference = 62F45DCC8590A3F4F811D9F0 /* Pods-DirectMe.release.xcconfig */;
			buildSettings = {
				ASSETCATALOG_COMPILER_APPICON_NAME = AppIcon;
				CODE_SIGN_STYLE = Automatic;
				INFOPLIST_FILE = DirectMe/Info.plist;
				LD_RUNPATH_SEARCH_PATHS = (
					"$(inherited)",
					"@executable_path/Frameworks",
				);
				PRODUCT_BUNDLE_IDENTIFIER = com.martyn.fitzgerald.DirectMe;
				PRODUCT_NAME = "$(TARGET_NAME)";
				SWIFT_VERSION = 5.0;
				TARGETED_DEVICE_FAMILY = 1;
			};
			name = Release;
		};
/* End XCBuildConfiguration section */

/* Begin XCConfigurationList section */
		5A565B6E237B15D9008DB7EB /* Build configuration list for PBXProject "DirectMe" */ = {
			isa = XCConfigurationList;
			buildConfigurations = (
				5A565B85237B15DB008DB7EB /* Debug */,
				5A565B86237B15DB008DB7EB /* Release */,
			);
			defaultConfigurationIsVisible = 0;
			defaultConfigurationName = Release;
		};
		5A565B87237B15DB008DB7EB /* Build configuration list for PBXNativeTarget "DirectMe" */ = {
			isa = XCConfigurationList;
			buildConfigurations = (
				5A565B88237B15DB008DB7EB /* Debug */,
				5A565B89237B15DB008DB7EB /* Release */,
			);
			defaultConfigurationIsVisible = 0;
			defaultConfigurationName = Release;
		};
/* End XCConfigurationList section */
	};
	rootObject = 5A565B6B237B15D9008DB7EB /* Project object */;
}
