// !$*UTF8*$!
{
	archiveVersion = 1;
	classes = {
	};
	objectVersion = 50;
	objects = {

/* Begin PBXBuildFile section */
		5A15F274239972B40028CBBB /* Theme.swift in Sources */ = {isa = PBXBuildFile; fileRef = 5A15F273239972B40028CBBB /* Theme.swift */; };
		5A15F277239992AF0028CBBB /* Pacifico.ttf in Resources */ = {isa = PBXBuildFile; fileRef = 5A15F276239992AF0028CBBB /* Pacifico.ttf */; };
		5A366769237DEBF600C494D9 /* AccountView.swift in Sources */ = {isa = PBXBuildFile; fileRef = 5A366768237DEBF600C494D9 /* AccountView.swift */; };
		5A366776237DFC6D00C494D9 /* CarParkMapView.swift in Sources */ = {isa = PBXBuildFile; fileRef = 5A366775237DFC6D00C494D9 /* CarParkMapView.swift */; };
		5A3C7B9A237E111800782098 /* GlobalFunctions.swift in Sources */ = {isa = PBXBuildFile; fileRef = 5A3C7B99237E111800782098 /* GlobalFunctions.swift */; };
		5A565B77237B15D9008DB7EB /* AppDelegate.swift in Sources */ = {isa = PBXBuildFile; fileRef = 5A565B76237B15D9008DB7EB /* AppDelegate.swift */; };
		5A565B79237B15D9008DB7EB /* SceneDelegate.swift in Sources */ = {isa = PBXBuildFile; fileRef = 5A565B78237B15D9008DB7EB /* SceneDelegate.swift */; };
		5A565B7B237B15D9008DB7EB /* LoginController.swift in Sources */ = {isa = PBXBuildFile; fileRef = 5A565B7A237B15D9008DB7EB /* LoginController.swift */; };
		5A565B80237B15DB008DB7EB /* Assets.xcassets in Resources */ = {isa = PBXBuildFile; fileRef = 5A565B7F237B15DB008DB7EB /* Assets.xcassets */; };
		5A565B83237B15DB008DB7EB /* LaunchScreen.storyboard in Resources */ = {isa = PBXBuildFile; fileRef = 5A565B81237B15DB008DB7EB /* LaunchScreen.storyboard */; };
		5A565B9B237B193C008DB7EB /* Main.storyboard in Resources */ = {isa = PBXBuildFile; fileRef = 5A565B99237B193C008DB7EB /* Main.storyboard */; };
		5A565BA0237C708E008DB7EB /* NavView.swift in Sources */ = {isa = PBXBuildFile; fileRef = 5A565B9F237C708E008DB7EB /* NavView.swift */; };
		5AB4069F237C9B4600091E3A /* MapView.swift in Sources */ = {isa = PBXBuildFile; fileRef = 5AB4069E237C9B4600091E3A /* MapView.swift */; };
		5AB47C942384099300C469E7 /* InformationView.swift in Sources */ = {isa = PBXBuildFile; fileRef = 5AB47C932384099300C469E7 /* InformationView.swift */; };
		5AB47C9723843AAA00C469E7 /* CarParkView.swift in Sources */ = {isa = PBXBuildFile; fileRef = 5AB47C9623843AAA00C469E7 /* CarParkView.swift */; };
		5AB47C9F239089BD00C469E7 /* User.swift in Sources */ = {isa = PBXBuildFile; fileRef = 5AB47C9E239089BD00C469E7 /* User.swift */; };
		5AB47CA423914C5E00C469E7 /* RegisterController.swift in Sources */ = {isa = PBXBuildFile; fileRef = 5AB47CA323914C5D00C469E7 /* RegisterController.swift */; };
		5AB47CBE23947FEF00C469E7 /* AccountProfilePicture.swift in Sources */ = {isa = PBXBuildFile; fileRef = 5AB47CBD23947FEF00C469E7 /* AccountProfilePicture.swift */; };
		5AC7C475239C43FF0057A55F /* CarPark.swift in Sources */ = {isa = PBXBuildFile; fileRef = 5AC7C474239C43FF0057A55F /* CarPark.swift */; };
		5AC7C477239C48A00057A55F /* CarParkRow.swift in Sources */ = {isa = PBXBuildFile; fileRef = 5AC7C476239C48A00057A55F /* CarParkRow.swift */; };
		5AC7C479239C498A0057A55F /* CarParkDetail.swift in Sources */ = {isa = PBXBuildFile; fileRef = 5AC7C478239C498A0057A55F /* CarParkDetail.swift */; };
		5AC7C47B239C4DC80057A55F /* carParksData.json in Resources */ = {isa = PBXBuildFile; fileRef = 5AC7C47A239C4DC80057A55F /* carParksData.json */; };
/* End PBXBuildFile section */

/* Begin PBXFileReference section */
		5A15F273239972B40028CBBB /* Theme.swift */ = {isa = PBXFileReference; lastKnownFileType = sourcecode.swift; path = Theme.swift; sourceTree = "<group>"; };
		5A15F276239992AF0028CBBB /* Pacifico.ttf */ = {isa = PBXFileReference; lastKnownFileType = file; path = Pacifico.ttf; sourceTree = "<group>"; };
		5A366768237DEBF600C494D9 /* AccountView.swift */ = {isa = PBXFileReference; lastKnownFileType = sourcecode.swift; path = AccountView.swift; sourceTree = "<group>"; };
		5A366775237DFC6D00C494D9 /* CarParkMapView.swift */ = {isa = PBXFileReference; lastKnownFileType = sourcecode.swift; path = CarParkMapView.swift; sourceTree = "<group>"; };
		5A3C7B99237E111800782098 /* GlobalFunctions.swift */ = {isa = PBXFileReference; lastKnownFileType = sourcecode.swift; path = GlobalFunctions.swift; sourceTree = "<group>"; };
		5A565B73237B15D9008DB7EB /* DirectMe.app */ = {isa = PBXFileReference; explicitFileType = wrapper.application; includeInIndex = 0; path = DirectMe.app; sourceTree = BUILT_PRODUCTS_DIR; };
		5A565B76237B15D9008DB7EB /* AppDelegate.swift */ = {isa = PBXFileReference; lastKnownFileType = sourcecode.swift; path = AppDelegate.swift; sourceTree = "<group>"; };
		5A565B78237B15D9008DB7EB /* SceneDelegate.swift */ = {isa = PBXFileReference; lastKnownFileType = sourcecode.swift; path = SceneDelegate.swift; sourceTree = "<group>"; };
		5A565B7A237B15D9008DB7EB /* LoginController.swift */ = {isa = PBXFileReference; lastKnownFileType = sourcecode.swift; path = LoginController.swift; sourceTree = "<group>"; };
		5A565B7F237B15DB008DB7EB /* Assets.xcassets */ = {isa = PBXFileReference; lastKnownFileType = folder.assetcatalog; path = Assets.xcassets; sourceTree = "<group>"; };
		5A565B82237B15DB008DB7EB /* Base */ = {isa = PBXFileReference; lastKnownFileType = file.storyboard; name = Base; path = Base.lproj/LaunchScreen.storyboard; sourceTree = "<group>"; };
		5A565B84237B15DB008DB7EB /* Info.plist */ = {isa = PBXFileReference; lastKnownFileType = text.plist.xml; path = Info.plist; sourceTree = "<group>"; };
		5A565B9A237B193C008DB7EB /* Base */ = {isa = PBXFileReference; lastKnownFileType = file.storyboard; name = Base; path = Base.lproj/Main.storyboard; sourceTree = "<group>"; };
		5A565B9F237C708E008DB7EB /* NavView.swift */ = {isa = PBXFileReference; lastKnownFileType = sourcecode.swift; path = NavView.swift; sourceTree = "<group>"; };
		5AB4069E237C9B4600091E3A /* MapView.swift */ = {isa = PBXFileReference; lastKnownFileType = sourcecode.swift; path = MapView.swift; sourceTree = "<group>"; };
		5AB47C932384099300C469E7 /* InformationView.swift */ = {isa = PBXFileReference; lastKnownFileType = sourcecode.swift; path = InformationView.swift; sourceTree = "<group>"; };
		5AB47C9623843AAA00C469E7 /* CarParkView.swift */ = {isa = PBXFileReference; lastKnownFileType = sourcecode.swift; path = CarParkView.swift; sourceTree = "<group>"; };
		5AB47C9E239089BD00C469E7 /* User.swift */ = {isa = PBXFileReference; lastKnownFileType = sourcecode.swift; path = User.swift; sourceTree = "<group>"; };
		5AB47CA323914C5D00C469E7 /* RegisterController.swift */ = {isa = PBXFileReference; lastKnownFileType = sourcecode.swift; path = RegisterController.swift; sourceTree = "<group>"; };
		5AB47CBD23947FEF00C469E7 /* AccountProfilePicture.swift */ = {isa = PBXFileReference; lastKnownFileType = sourcecode.swift; path = AccountProfilePicture.swift; sourceTree = "<group>"; };
		5AC7C474239C43FF0057A55F /* CarPark.swift */ = {isa = PBXFileReference; fileEncoding = 4; lastKnownFileType = sourcecode.swift; path = CarPark.swift; sourceTree = "<group>"; };
		5AC7C476239C48A00057A55F /* CarParkRow.swift */ = {isa = PBXFileReference; lastKnownFileType = sourcecode.swift; path = CarParkRow.swift; sourceTree = "<group>"; };
		5AC7C478239C498A0057A55F /* CarParkDetail.swift */ = {isa = PBXFileReference; lastKnownFileType = sourcecode.swift; path = CarParkDetail.swift; sourceTree = "<group>"; };
		5AC7C47A239C4DC80057A55F /* carParksData.json */ = {isa = PBXFileReference; fileEncoding = 4; lastKnownFileType = text.json; path = carParksData.json; sourceTree = "<group>"; };
/* End PBXFileReference section */

/* Begin PBXFrameworksBuildPhase section */
		5A565B70237B15D9008DB7EB /* Frameworks */ = {
			isa = PBXFrameworksBuildPhase;
			buildActionMask = 2147483647;
			files = (
			);
			runOnlyForDeploymentPostprocessing = 0;
		};
/* End PBXFrameworksBuildPhase section */

/* Begin PBXGroup section */
		5A15F275239992970028CBBB /* Fonts */ = {
			isa = PBXGroup;
			children = (
				5A15F276239992AF0028CBBB /* Pacifico.ttf */,
			);
			path = Fonts;
			sourceTree = "<group>";
		};
		5A36676E237DF05400C494D9 /* Resources */ = {
			isa = PBXGroup;
			children = (
				5A15F275239992970028CBBB /* Fonts */,
			);
			path = Resources;
			sourceTree = "<group>";
		};
		5A3C7BCF237F35FC00782098 /* Map */ = {
			isa = PBXGroup;
			children = (
				5AB4069E237C9B4600091E3A /* MapView.swift */,
			);
			path = Map;
			sourceTree = "<group>";
		};
		5A565B6A237B15D9008DB7EB = {
			isa = PBXGroup;
			children = (
				5A565B75237B15D9008DB7EB /* DirectMe */,
				5A565B74237B15D9008DB7EB /* Products */,
			);
			sourceTree = "<group>";
		};
		5A565B74237B15D9008DB7EB /* Products */ = {
			isa = PBXGroup;
			children = (
				5A565B73237B15D9008DB7EB /* DirectMe.app */,
			);
			name = Products;
			sourceTree = "<group>";
		};
		5A565B75237B15D9008DB7EB /* DirectMe */ = {
			isa = PBXGroup;
			children = (
				5A36676E237DF05400C494D9 /* Resources */,
				5A565B90237B17F3008DB7EB /* Models */,
				5A565B8B237B16D4008DB7EB /* Views */,
				5A565B8A237B1676008DB7EB /* Controllers */,
				5A565B7F237B15DB008DB7EB /* Assets.xcassets */,
				5A565B84237B15DB008DB7EB /* Info.plist */,
			);
			path = DirectMe;
			sourceTree = "<group>";
		};
		5A565B8A237B1676008DB7EB /* Controllers */ = {
			isa = PBXGroup;
			children = (
				5A565B78237B15D9008DB7EB /* SceneDelegate.swift */,
				5A565B76237B15D9008DB7EB /* AppDelegate.swift */,
				5A3C7B99237E111800782098 /* GlobalFunctions.swift */,
				5A565B7A237B15D9008DB7EB /* LoginController.swift */,
				5AB47CA323914C5D00C469E7 /* RegisterController.swift */,
			);
			path = Controllers;
			sourceTree = "<group>";
		};
		5A565B8B237B16D4008DB7EB /* Views */ = {
			isa = PBXGroup;
			children = (
				5AB47C9523843A7700C469E7 /* CarPark */,
				5AB47C922384094C00C469E7 /* Information */,
				5AB47C912384092400C469E7 /* Account */,
				5A3C7BCF237F35FC00782098 /* Map */,
				5A565B99237B193C008DB7EB /* Main.storyboard */,
				5A565B81237B15DB008DB7EB /* LaunchScreen.storyboard */,
				5A565B9F237C708E008DB7EB /* NavView.swift */,
			);
			path = Views;
			sourceTree = "<group>";
		};
		5A565B90237B17F3008DB7EB /* Models */ = {
			isa = PBXGroup;
			children = (
				5AC7C474239C43FF0057A55F /* CarPark.swift */,
				5AB47C9E239089BD00C469E7 /* User.swift */,
				5A15F273239972B40028CBBB /* Theme.swift */,
				5AC7C47A239C4DC80057A55F /* carParksData.json */,
			);
			path = Models;
			sourceTree = "<group>";
		};
		5AB47C912384092400C469E7 /* Account */ = {
			isa = PBXGroup;
			children = (
				5A366768237DEBF600C494D9 /* AccountView.swift */,
				5AB47CBD23947FEF00C469E7 /* AccountProfilePicture.swift */,
			);
			path = Account;
			sourceTree = "<group>";
		};
		5AB47C922384094C00C469E7 /* Information */ = {
			isa = PBXGroup;
			children = (
				5AB47C932384099300C469E7 /* InformationView.swift */,
			);
			path = Information;
			sourceTree = "<group>";
		};
		5AB47C9523843A7700C469E7 /* CarPark */ = {
			isa = PBXGroup;
			children = (
				5A366775237DFC6D00C494D9 /* CarParkMapView.swift */,
				5AB47C9623843AAA00C469E7 /* CarParkView.swift */,
				5AC7C476239C48A00057A55F /* CarParkRow.swift */,
				5AC7C478239C498A0057A55F /* CarParkDetail.swift */,
			);
			path = CarPark;
			sourceTree = "<group>";
		};
/* End PBXGroup section */

/* Begin PBXNativeTarget section */
		5A565B72237B15D9008DB7EB /* DirectMe */ = {
			isa = PBXNativeTarget;
			buildConfigurationList = 5A565B87237B15DB008DB7EB /* Build configuration list for PBXNativeTarget "DirectMe" */;
			buildPhases = (
				5A565B6F237B15D9008DB7EB /* Sources */,
				5A565B70237B15D9008DB7EB /* Frameworks */,
				5A565B71237B15D9008DB7EB /* Resources */,
			);
			buildRules = (
			);
			dependencies = (
			);
			name = DirectMe;
			productName = DirectMe;
			productReference = 5A565B73237B15D9008DB7EB /* DirectMe.app */;
			productType = "com.apple.product-type.application";
		};
/* End PBXNativeTarget section */

/* Begin PBXProject section */
		5A565B6B237B15D9008DB7EB /* Project object */ = {
			isa = PBXProject;
			attributes = {
				LastSwiftUpdateCheck = 1100;
				LastUpgradeCheck = 1100;
				ORGANIZATIONNAME = martyn.fitzgerald;
				TargetAttributes = {
					5A565B72237B15D9008DB7EB = {
						CreatedOnToolsVersion = 11.0;
					};
				};
			};
			buildConfigurationList = 5A565B6E237B15D9008DB7EB /* Build configuration list for PBXProject "DirectMe" */;
			compatibilityVersion = "Xcode 9.3";
			developmentRegion = en;
			hasScannedForEncodings = 0;
			knownRegions = (
				en,
				Base,
			);
			mainGroup = 5A565B6A237B15D9008DB7EB;
			productRefGroup = 5A565B74237B15D9008DB7EB /* Products */;
			projectDirPath = "";
			projectRoot = "";
			targets = (
				5A565B72237B15D9008DB7EB /* DirectMe */,
			);
		};
/* End PBXProject section */

/* Begin PBXResourcesBuildPhase section */
		5A565B71237B15D9008DB7EB /* Resources */ = {
			isa = PBXResourcesBuildPhase;
			buildActionMask = 2147483647;
			files = (
				5A565B83237B15DB008DB7EB /* LaunchScreen.storyboard in Resources */,
				5AC7C47B239C4DC80057A55F /* carParksData.json in Resources */,
				5A565B80237B15DB008DB7EB /* Assets.xcassets in Resources */,
				5A565B9B237B193C008DB7EB /* Main.storyboard in Resources */,
				5A15F277239992AF0028CBBB /* Pacifico.ttf in Resources */,
			);
			runOnlyForDeploymentPostprocessing = 0;
		};
/* End PBXResourcesBuildPhase section */

/* Begin PBXSourcesBuildPhase section */
		5A565B6F237B15D9008DB7EB /* Sources */ = {
			isa = PBXSourcesBuildPhase;
			buildActionMask = 2147483647;
			files = (
				5AC7C475239C43FF0057A55F /* CarPark.swift in Sources */,
				5A565B7B237B15D9008DB7EB /* LoginController.swift in Sources */,
				5A565B77237B15D9008DB7EB /* AppDelegate.swift in Sources */,
				5AB4069F237C9B4600091E3A /* MapView.swift in Sources */,
				5A366769237DEBF600C494D9 /* AccountView.swift in Sources */,
				5AB47C9F239089BD00C469E7 /* User.swift in Sources */,
				5AB47CA423914C5E00C469E7 /* RegisterController.swift in Sources */,
				5AB47C942384099300C469E7 /* InformationView.swift in Sources */,
				5AB47CBE23947FEF00C469E7 /* AccountProfilePicture.swift in Sources */,
				5A565BA0237C708E008DB7EB /* NavView.swift in Sources */,
				5A3C7B9A237E111800782098 /* GlobalFunctions.swift in Sources */,
				5A15F274239972B40028CBBB /* Theme.swift in Sources */,
				5AB47C9723843AAA00C469E7 /* CarParkView.swift in Sources */,
				5A565B79237B15D9008DB7EB /* SceneDelegate.swift in Sources */,
				5A366776237DFC6D00C494D9 /* CarParkMapView.swift in Sources */,
				5AC7C477239C48A00057A55F /* CarParkRow.swift in Sources */,
				5AC7C479239C498A0057A55F /* CarParkDetail.swift in Sources */,
			);
			runOnlyForDeploymentPostprocessing = 0;
		};
/* End PBXSourcesBuildPhase section */

/* Begin PBXVariantGroup section */
		5A565B81237B15DB008DB7EB /* LaunchScreen.storyboard */ = {
			isa = PBXVariantGroup;
			children = (
				5A565B82237B15DB008DB7EB /* Base */,
			);
			name = LaunchScreen.storyboard;
			sourceTree = "<group>";
		};
		5A565B99237B193C008DB7EB /* Main.storyboard */ = {
			isa = PBXVariantGroup;
			children = (
				5A565B9A237B193C008DB7EB /* Base */,
			);
			name = Main.storyboard;
			sourceTree = "<group>";
		};
/* End PBXVariantGroup section */

/* Begin XCBuildConfiguration section */
		5A565B85237B15DB008DB7EB /* Debug */ = {
			isa = XCBuildConfiguration;
			buildSettings = {
				ALWAYS_SEARCH_USER_PATHS = NO;
				CLANG_ANALYZER_NONNULL = YES;
				CLANG_ANALYZER_NUMBER_OBJECT_CONVERSION = YES_AGGRESSIVE;
				CLANG_CXX_LANGUAGE_STANDARD = "gnu++14";
				CLANG_CXX_LIBRARY = "libc++";
				CLANG_ENABLE_MODULES = YES;
				CLANG_ENABLE_OBJC_ARC = YES;
				CLANG_ENABLE_OBJC_WEAK = YES;
				CLANG_WARN_BLOCK_CAPTURE_AUTORELEASING = YES;
				CLANG_WARN_BOOL_CONVERSION = YES;
				CLANG_WARN_COMMA = YES;
				CLANG_WARN_CONSTANT_CONVERSION = YES;
				CLANG_WARN_DEPRECATED_OBJC_IMPLEMENTATIONS = YES;
				CLANG_WARN_DIRECT_OBJC_ISA_USAGE = YES_ERROR;
				CLANG_WARN_DOCUMENTATION_COMMENTS = YES;
				CLANG_WARN_EMPTY_BODY = YES;
				CLANG_WARN_ENUM_CONVERSION = YES;
				CLANG_WARN_INFINITE_RECURSION = YES;
				CLANG_WARN_INT_CONVERSION = YES;
				CLANG_WARN_NON_LITERAL_NULL_CONVERSION = YES;
				CLANG_WARN_OBJC_IMPLICIT_RETAIN_SELF = YES;
				CLANG_WARN_OBJC_LITERAL_CONVERSION = YES;
				CLANG_WARN_OBJC_ROOT_CLASS = YES_ERROR;
				CLANG_WARN_RANGE_LOOP_ANALYSIS = YES;
				CLANG_WARN_STRICT_PROTOTYPES = YES;
				CLANG_WARN_SUSPICIOUS_MOVE = YES;
				CLANG_WARN_UNGUARDED_AVAILABILITY = YES_AGGRESSIVE;
				CLANG_WARN_UNREACHABLE_CODE = YES;
				CLANG_WARN__DUPLICATE_METHOD_MATCH = YES;
				COPY_PHASE_STRIP = NO;
				DEBUG_INFORMATION_FORMAT = dwarf;
				ENABLE_STRICT_OBJC_MSGSEND = YES;
				ENABLE_TESTABILITY = YES;
				GCC_C_LANGUAGE_STANDARD = gnu11;
				GCC_DYNAMIC_NO_PIC = NO;
				GCC_NO_COMMON_BLOCKS = YES;
				GCC_OPTIMIZATION_LEVEL = 0;
				GCC_PREPROCESSOR_DEFINITIONS = (
					"DEBUG=1",
					"$(inherited)",
				);
				GCC_WARN_64_TO_32_BIT_CONVERSION = YES;
				GCC_WARN_ABOUT_RETURN_TYPE = YES_ERROR;
				GCC_WARN_UNDECLARED_SELECTOR = YES;
				GCC_WARN_UNINITIALIZED_AUTOS = YES_AGGRESSIVE;
				GCC_WARN_UNUSED_FUNCTION = YES;
				GCC_WARN_UNUSED_VARIABLE = YES;
				IPHONEOS_DEPLOYMENT_TARGET = 13.0;
				MTL_ENABLE_DEBUG_INFO = INCLUDE_SOURCE;
				MTL_FAST_MATH = YES;
				ONLY_ACTIVE_ARCH = YES;
				SDKROOT = iphoneos;
				SWIFT_ACTIVE_COMPILATION_CONDITIONS = DEBUG;
				SWIFT_OPTIMIZATION_LEVEL = "-Onone";
			};
			name = Debug;
		};
		5A565B86237B15DB008DB7EB /* Release */ = {
			isa = XCBuildConfiguration;
			buildSettings = {
				ALWAYS_SEARCH_USER_PATHS = NO;
				CLANG_ANALYZER_NONNULL = YES;
				CLANG_ANALYZER_NUMBER_OBJECT_CONVERSION = YES_AGGRESSIVE;
				CLANG_CXX_LANGUAGE_STANDARD = "gnu++14";
				CLANG_CXX_LIBRARY = "libc++";
				CLANG_ENABLE_MODULES = YES;
				CLANG_ENABLE_OBJC_ARC = YES;
				CLANG_ENABLE_OBJC_WEAK = YES;
				CLANG_WARN_BLOCK_CAPTURE_AUTORELEASING = YES;
				CLANG_WARN_BOOL_CONVERSION = YES;
				CLANG_WARN_COMMA = YES;
				CLANG_WARN_CONSTANT_CONVERSION = YES;
				CLANG_WARN_DEPRECATED_OBJC_IMPLEMENTATIONS = YES;
				CLANG_WARN_DIRECT_OBJC_ISA_USAGE = YES_ERROR;
				CLANG_WARN_DOCUMENTATION_COMMENTS = YES;
				CLANG_WARN_EMPTY_BODY = YES;
				CLANG_WARN_ENUM_CONVERSION = YES;
				CLANG_WARN_INFINITE_RECURSION = YES;
				CLANG_WARN_INT_CONVERSION = YES;
				CLANG_WARN_NON_LITERAL_NULL_CONVERSION = YES;
				CLANG_WARN_OBJC_IMPLICIT_RETAIN_SELF = YES;
				CLANG_WARN_OBJC_LITERAL_CONVERSION = YES;
				CLANG_WARN_OBJC_ROOT_CLASS = YES_ERROR;
				CLANG_WARN_RANGE_LOOP_ANALYSIS = YES;
				CLANG_WARN_STRICT_PROTOTYPES = YES;
				CLANG_WARN_SUSPICIOUS_MOVE = YES;
				CLANG_WARN_UNGUARDED_AVAILABILITY = YES_AGGRESSIVE;
				CLANG_WARN_UNREACHABLE_CODE = YES;
				CLANG_WARN__DUPLICATE_METHOD_MATCH = YES;
				COPY_PHASE_STRIP = NO;
				DEBUG_INFORMATION_FORMAT = "dwarf-with-dsym";
				ENABLE_NS_ASSERTIONS = NO;
				ENABLE_STRICT_OBJC_MSGSEND = YES;
				GCC_C_LANGUAGE_STANDARD = gnu11;
				GCC_NO_COMMON_BLOCKS = YES;
				GCC_WARN_64_TO_32_BIT_CONVERSION = YES;
				GCC_WARN_ABOUT_RETURN_TYPE = YES_ERROR;
				GCC_WARN_UNDECLARED_SELECTOR = YES;
				GCC_WARN_UNINITIALIZED_AUTOS = YES_AGGRESSIVE;
				GCC_WARN_UNUSED_FUNCTION = YES;
				GCC_WARN_UNUSED_VARIABLE = YES;
				IPHONEOS_DEPLOYMENT_TARGET = 13.0;
				MTL_ENABLE_DEBUG_INFO = NO;
				MTL_FAST_MATH = YES;
				SDKROOT = iphoneos;
				SWIFT_COMPILATION_MODE = wholemodule;
				SWIFT_OPTIMIZATION_LEVEL = "-O";
				VALIDATE_PRODUCT = YES;
			};
			name = Release;
		};
		5A565B88237B15DB008DB7EB /* Debug */ = {
			isa = XCBuildConfiguration;
			buildSettings = {
				ASSETCATALOG_COMPILER_APPICON_NAME = AppIcon;
				CODE_SIGN_STYLE = Automatic;
				DEVELOPMENT_TEAM = 89NV4W3NXG;
				INFOPLIST_FILE = DirectMe/Info.plist;
				LD_RUNPATH_SEARCH_PATHS = (
					"$(inherited)",
					"@executable_path/Frameworks",
				);
				PRODUCT_BUNDLE_IDENTIFIER = com.martyn.fitzgerald.DirectMe;
				PRODUCT_NAME = "$(TARGET_NAME)";
				SWIFT_VERSION = 5.0;
				TARGETED_DEVICE_FAMILY = 1;
			};
			name = Debug;
		};
		5A565B89237B15DB008DB7EB /* Release */ = {
			isa = XCBuildConfiguration;
			buildSettings = {
				ASSETCATALOG_COMPILER_APPICON_NAME = AppIcon;
				CODE_SIGN_STYLE = Automatic;
				DEVELOPMENT_TEAM = 89NV4W3NXG;
				INFOPLIST_FILE = DirectMe/Info.plist;
				LD_RUNPATH_SEARCH_PATHS = (
					"$(inherited)",
					"@executable_path/Frameworks",
				);
				PRODUCT_BUNDLE_IDENTIFIER = com.martyn.fitzgerald.DirectMe;
				PRODUCT_NAME = "$(TARGET_NAME)";
				SWIFT_VERSION = 5.0;
				TARGETED_DEVICE_FAMILY = 1;
			};
			name = Release;
		};
/* End XCBuildConfiguration section */

/* Begin XCConfigurationList section */
		5A565B6E237B15D9008DB7EB /* Build configuration list for PBXProject "DirectMe" */ = {
			isa = XCConfigurationList;
			buildConfigurations = (
				5A565B85237B15DB008DB7EB /* Debug */,
				5A565B86237B15DB008DB7EB /* Release */,
			);
			defaultConfigurationIsVisible = 0;
			defaultConfigurationName = Release;
		};
		5A565B87237B15DB008DB7EB /* Build configuration list for PBXNativeTarget "DirectMe" */ = {
			isa = XCConfigurationList;
			buildConfigurations = (
				5A565B88237B15DB008DB7EB /* Debug */,
				5A565B89237B15DB008DB7EB /* Release */,
			);
			defaultConfigurationIsVisible = 0;
			defaultConfigurationName = Release;
		};
/* End XCConfigurationList section */
	};
	rootObject = 5A565B6B237B15D9008DB7EB /* Project object */;
}
